// !$*UTF8*$!
{
	archiveVersion = 1;
	classes = {
	};
	objectVersion = 48;
	objects = {

/* Begin PBXBuildFile section */
		35167BD31F2054A000AD80FB /* Story.swift in Sources */ = {isa = PBXBuildFile; fileRef = 35167BD21F2054A000AD80FB /* Story.swift */; };
		35167BD51F205B3F00AD80FB /* Page.swift in Sources */ = {isa = PBXBuildFile; fileRef = 35167BD41F205B3F00AD80FB /* Page.swift */; };
		35167BD71F206A0200AD80FB /* PageController.swift in Sources */ = {isa = PBXBuildFile; fileRef = 35167BD61F206A0200AD80FB /* PageController.swift */; };
		35908D641F2015FF00113808 /* AppDelegate.swift in Sources */ = {isa = PBXBuildFile; fileRef = 35908D631F2015FF00113808 /* AppDelegate.swift */; };
		35908D661F2015FF00113808 /* ViewController.swift in Sources */ = {isa = PBXBuildFile; fileRef = 35908D651F2015FF00113808 /* ViewController.swift */; };
		35908D691F2015FF00113808 /* Main.storyboard in Resources */ = {isa = PBXBuildFile; fileRef = 35908D671F2015FF00113808 /* Main.storyboard */; };
		35908D6B1F2015FF00113808 /* Assets.xcassets in Resources */ = {isa = PBXBuildFile; fileRef = 35908D6A1F2015FF00113808 /* Assets.xcassets */; };
		35908D6E1F2015FF00113808 /* LaunchScreen.storyboard in Resources */ = {isa = PBXBuildFile; fileRef = 35908D6C1F2015FF00113808 /* LaunchScreen.storyboard */; };
		35AF6A6F1F22A49800F72FAC /* Audio.swift in Sources */ = {isa = PBXBuildFile; fileRef = 35AF6A6E1F22A49800F72FAC /* Audio.swift */; };
		35AF6A851F25ACFA00F72FAC /* PageTurn.wav in Resources */ = {isa = PBXBuildFile; fileRef = 35AF6A821F25ACFA00F72FAC /* PageTurn.wav */; };
		35AF6A861F25ACFA00F72FAC /* Ominous.wav in Resources */ = {isa = PBXBuildFile; fileRef = 35AF6A831F25ACFA00F72FAC /* Ominous.wav */; };
		35AF6A871F25ACFA00F72FAC /* HappyEnding.wav in Resources */ = {isa = PBXBuildFile; fileRef = 35AF6A841F25ACFA00F72FAC /* HappyEnding.wav */; };
/* End PBXBuildFile section */

/* Begin PBXFileReference section */
		35167BD21F2054A000AD80FB /* Story.swift */ = {isa = PBXFileReference; lastKnownFileType = sourcecode.swift; path = Story.swift; sourceTree = "<group>"; };
		35167BD41F205B3F00AD80FB /* Page.swift */ = {isa = PBXFileReference; lastKnownFileType = sourcecode.swift; path = Page.swift; sourceTree = "<group>"; };
		35167BD61F206A0200AD80FB /* PageController.swift */ = {isa = PBXFileReference; lastKnownFileType = sourcecode.swift; path = PageController.swift; sourceTree = "<group>"; };
		35908D601F2015FF00113808 /* InteractiveStory.app */ = {isa = PBXFileReference; explicitFileType = wrapper.application; includeInIndex = 0; path = InteractiveStory.app; sourceTree = BUILT_PRODUCTS_DIR; };
		35908D631F2015FF00113808 /* AppDelegate.swift */ = {isa = PBXFileReference; lastKnownFileType = sourcecode.swift; path = AppDelegate.swift; sourceTree = "<group>"; };
		35908D651F2015FF00113808 /* ViewController.swift */ = {isa = PBXFileReference; lastKnownFileType = sourcecode.swift; path = ViewController.swift; sourceTree = "<group>"; };
		35908D681F2015FF00113808 /* Base */ = {isa = PBXFileReference; lastKnownFileType = file.storyboard; name = Base; path = Base.lproj/Main.storyboard; sourceTree = "<group>"; };
		35908D6A1F2015FF00113808 /* Assets.xcassets */ = {isa = PBXFileReference; lastKnownFileType = folder.assetcatalog; path = Assets.xcassets; sourceTree = "<group>"; };
		35908D6D1F2015FF00113808 /* Base */ = {isa = PBXFileReference; lastKnownFileType = file.storyboard; name = Base; path = Base.lproj/LaunchScreen.storyboard; sourceTree = "<group>"; };
		35908D6F1F2015FF00113808 /* Info.plist */ = {isa = PBXFileReference; lastKnownFileType = text.plist.xml; path = Info.plist; sourceTree = "<group>"; };
		35AF6A6E1F22A49800F72FAC /* Audio.swift */ = {isa = PBXFileReference; lastKnownFileType = sourcecode.swift; path = Audio.swift; sourceTree = "<group>"; };
		35AF6A821F25ACFA00F72FAC /* PageTurn.wav */ = {isa = PBXFileReference; lastKnownFileType = audio.wav; path = PageTurn.wav; sourceTree = "<group>"; };
		35AF6A831F25ACFA00F72FAC /* Ominous.wav */ = {isa = PBXFileReference; lastKnownFileType = audio.wav; path = Ominous.wav; sourceTree = "<group>"; };
		35AF6A841F25ACFA00F72FAC /* HappyEnding.wav */ = {isa = PBXFileReference; lastKnownFileType = audio.wav; path = HappyEnding.wav; sourceTree = "<group>"; };
/* End PBXFileReference section */

/* Begin PBXFrameworksBuildPhase section */
		35908D5D1F2015FF00113808 /* Frameworks */ = {
			isa = PBXFrameworksBuildPhase;
			buildActionMask = 2147483647;
			files = (
			);
			runOnlyForDeploymentPostprocessing = 0;
		};
/* End PBXFrameworksBuildPhase section */

/* Begin PBXGroup section */
		35908D571F2015FF00113808 = {
			isa = PBXGroup;
			children = (
				35908D621F2015FF00113808 /* InteractiveStory */,
				35908D611F2015FF00113808 /* Products */,
			);
			sourceTree = "<group>";
		};
		35908D611F2015FF00113808 /* Products */ = {
			isa = PBXGroup;
			children = (
				35908D601F2015FF00113808 /* InteractiveStory.app */,
			);
			name = Products;
			sourceTree = "<group>";
		};
		35908D621F2015FF00113808 /* InteractiveStory */ = {
			isa = PBXGroup;
			children = (
				35908D771F20195700113808 /* Controller */,
				35908D761F20195200113808 /* View */,
				35908D751F20194C00113808 /* Model */,
				35908D781F20195E00113808 /* Resources */,
				35908D791F20196900113808 /* Utils */,
				35908D631F2015FF00113808 /* AppDelegate.swift */,
				35908D671F2015FF00113808 /* Main.storyboard */,
				35908D6A1F2015FF00113808 /* Assets.xcassets */,
				35908D6C1F2015FF00113808 /* LaunchScreen.storyboard */,
				35908D6F1F2015FF00113808 /* Info.plist */,
			);
			path = InteractiveStory;
			sourceTree = "<group>";
		};
		35908D751F20194C00113808 /* Model */ = {
			isa = PBXGroup;
			children = (
				35167BD21F2054A000AD80FB /* Story.swift */,
				35167BD41F205B3F00AD80FB /* Page.swift */,
				35AF6A6E1F22A49800F72FAC /* Audio.swift */,
			);
			path = Model;
			sourceTree = "<group>";
		};
		35908D761F20195200113808 /* View */ = {
			isa = PBXGroup;
			children = (
			);
			path = View;
			sourceTree = "<group>";
		};
		35908D771F20195700113808 /* Controller */ = {
			isa = PBXGroup;
			children = (
				35908D651F2015FF00113808 /* ViewController.swift */,
				35167BD61F206A0200AD80FB /* PageController.swift */,
			);
			path = Controller;
			sourceTree = "<group>";
		};
		35908D781F20195E00113808 /* Resources */ = {
			isa = PBXGroup;
			children = (
				35AF6A841F25ACFA00F72FAC /* HappyEnding.wav */,
				35AF6A831F25ACFA00F72FAC /* Ominous.wav */,
				35AF6A821F25ACFA00F72FAC /* PageTurn.wav */,
			);
			path = Resources;
			sourceTree = "<group>";
		};
		35908D791F20196900113808 /* Utils */ = {
			isa = PBXGroup;
			children = (
			);
			path = Utils;
			sourceTree = "<group>";
		};
/* End PBXGroup section */

/* Begin PBXNativeTarget section */
		35908D5F1F2015FF00113808 /* InteractiveStory */ = {
			isa = PBXNativeTarget;
			buildConfigurationList = 35908D721F2015FF00113808 /* Build configuration list for PBXNativeTarget "InteractiveStory" */;
			buildPhases = (
				35908D5C1F2015FF00113808 /* Sources */,
				35908D5D1F2015FF00113808 /* Frameworks */,
				35908D5E1F2015FF00113808 /* Resources */,
			);
			buildRules = (
			);
			dependencies = (
			);
			name = InteractiveStory;
			productName = InteractiveStory;
			productReference = 35908D601F2015FF00113808 /* InteractiveStory.app */;
			productType = "com.apple.product-type.application";
		};
/* End PBXNativeTarget section */

/* Begin PBXProject section */
		35908D581F2015FF00113808 /* Project object */ = {
			isa = PBXProject;
			attributes = {
				LastSwiftUpdateCheck = 0900;
				LastUpgradeCheck = 0900;
				ORGANIZATIONNAME = "Dobson Studios";
				TargetAttributes = {
					35908D5F1F2015FF00113808 = {
						CreatedOnToolsVersion = 9.0;
					};
				};
			};
			buildConfigurationList = 35908D5B1F2015FF00113808 /* Build configuration list for PBXProject "InteractiveStory" */;
			compatibilityVersion = "Xcode 8.0";
			developmentRegion = en;
			hasScannedForEncodings = 0;
			knownRegions = (
				en,
				Base,
			);
			mainGroup = 35908D571F2015FF00113808;
			productRefGroup = 35908D611F2015FF00113808 /* Products */;
			projectDirPath = "";
			projectRoot = "";
			targets = (
				35908D5F1F2015FF00113808 /* InteractiveStory */,
			);
		};
/* End PBXProject section */

/* Begin PBXResourcesBuildPhase section */
		35908D5E1F2015FF00113808 /* Resources */ = {
			isa = PBXResourcesBuildPhase;
			buildActionMask = 2147483647;
			files = (
				35AF6A871F25ACFA00F72FAC /* HappyEnding.wav in Resources */,
				35AF6A861F25ACFA00F72FAC /* Ominous.wav in Resources */,
				35908D6E1F2015FF00113808 /* LaunchScreen.storyboard in Resources */,
				35908D6B1F2015FF00113808 /* Assets.xcassets in Resources */,
				35AF6A851F25ACFA00F72FAC /* PageTurn.wav in Resources */,
				35908D691F2015FF00113808 /* Main.storyboard in Resources */,
			);
			runOnlyForDeploymentPostprocessing = 0;
		};
/* End PBXResourcesBuildPhase section */

/* Begin PBXSourcesBuildPhase section */
		35908D5C1F2015FF00113808 /* Sources */ = {
			isa = PBXSourcesBuildPhase;
			buildActionMask = 2147483647;
			files = (
				35AF6A6F1F22A49800F72FAC /* Audio.swift in Sources */,
				35908D661F2015FF00113808 /* ViewController.swift in Sources */,
				35908D641F2015FF00113808 /* AppDelegate.swift in Sources */,
				35167BD51F205B3F00AD80FB /* Page.swift in Sources */,
				35167BD31F2054A000AD80FB /* Story.swift in Sources */,
				35167BD71F206A0200AD80FB /* PageController.swift in Sources */,
			);
			runOnlyForDeploymentPostprocessing = 0;
		};
/* End PBXSourcesBuildPhase section */

/* Begin PBXVariantGroup section */
		35908D671F2015FF00113808 /* Main.storyboard */ = {
			isa = PBXVariantGroup;
			children = (
				35908D681F2015FF00113808 /* Base */,
			);
			name = Main.storyboard;
			sourceTree = "<group>";
		};
		35908D6C1F2015FF00113808 /* LaunchScreen.storyboard */ = {
			isa = PBXVariantGroup;
			children = (
				35908D6D1F2015FF00113808 /* Base */,
			);
			name = LaunchScreen.storyboard;
			sourceTree = "<group>";
		};
/* End PBXVariantGroup section */

/* Begin XCBuildConfiguration section */
		35908D701F2015FF00113808 /* Debug */ = {
			isa = XCBuildConfiguration;
			buildSettings = {
				ALWAYS_SEARCH_USER_PATHS = NO;
				CLANG_ANALYZER_NONNULL = YES;
				CLANG_ANALYZER_NUMBER_OBJECT_CONVERSION = YES_AGGRESSIVE;
				CLANG_CXX_LANGUAGE_STANDARD = "gnu++14";
				CLANG_CXX_LIBRARY = "libc++";
				CLANG_ENABLE_MODULES = YES;
				CLANG_ENABLE_OBJC_ARC = YES;
				CLANG_WARN_BLOCK_CAPTURE_AUTORELEASING = YES;
				CLANG_WARN_BOOL_CONVERSION = YES;
				CLANG_WARN_COMMA = YES;
				CLANG_WARN_CONSTANT_CONVERSION = YES;
				CLANG_WARN_DIRECT_OBJC_ISA_USAGE = YES_ERROR;
				CLANG_WARN_DOCUMENTATION_COMMENTS = YES;
				CLANG_WARN_EMPTY_BODY = YES;
				CLANG_WARN_ENUM_CONVERSION = YES;
				CLANG_WARN_INFINITE_RECURSION = YES;
				CLANG_WARN_INT_CONVERSION = YES;
				CLANG_WARN_NON_LITERAL_NULL_CONVERSION = YES;
				CLANG_WARN_OBJC_LITERAL_CONVERSION = YES;
				CLANG_WARN_OBJC_ROOT_CLASS = YES_ERROR;
				CLANG_WARN_RANGE_LOOP_ANALYSIS = YES;
				CLANG_WARN_STRICT_PROTOTYPES = YES;
				CLANG_WARN_SUSPICIOUS_MOVE = YES;
				CLANG_WARN_UNGUARDED_AVAILABILITY = YES_AGGRESSIVE;
				CLANG_WARN_UNREACHABLE_CODE = YES;
				CLANG_WARN__DUPLICATE_METHOD_MATCH = YES;
				CODE_SIGN_IDENTITY = "iPhone Developer";
				COPY_PHASE_STRIP = NO;
				DEBUG_INFORMATION_FORMAT = dwarf;
				ENABLE_STRICT_OBJC_MSGSEND = YES;
				ENABLE_TESTABILITY = YES;
				GCC_C_LANGUAGE_STANDARD = gnu11;
				GCC_DYNAMIC_NO_PIC = NO;
				GCC_NO_COMMON_BLOCKS = YES;
				GCC_OPTIMIZATION_LEVEL = 0;
				GCC_PREPROCESSOR_DEFINITIONS = (
					"DEBUG=1",
					"$(inherited)",
				);
				GCC_WARN_64_TO_32_BIT_CONVERSION = YES;
				GCC_WARN_ABOUT_RETURN_TYPE = YES_ERROR;
				GCC_WARN_UNDECLARED_SELECTOR = YES;
				GCC_WARN_UNINITIALIZED_AUTOS = YES_AGGRESSIVE;
				GCC_WARN_UNUSED_FUNCTION = YES;
				GCC_WARN_UNUSED_VARIABLE = YES;
				IPHONEOS_DEPLOYMENT_TARGET = 11.0;
				MTL_ENABLE_DEBUG_INFO = YES;
				ONLY_ACTIVE_ARCH = YES;
				SDKROOT = iphoneos;
				SWIFT_ACTIVE_COMPILATION_CONDITIONS = DEBUG;
				SWIFT_OPTIMIZATION_LEVEL = "-Onone";
			};
			name = Debug;
		};
		35908D711F2015FF00113808 /* Release */ = {
			isa = XCBuildConfiguration;
			buildSettings = {
				ALWAYS_SEARCH_USER_PATHS = NO;
				CLANG_ANALYZER_NONNULL = YES;
				CLANG_ANALYZER_NUMBER_OBJECT_CONVERSION = YES_AGGRESSIVE;
				CLANG_CXX_LANGUAGE_STANDARD = "gnu++14";
				CLANG_CXX_LIBRARY = "libc++";
				CLANG_ENABLE_MODULES = YES;
				CLANG_ENABLE_OBJC_ARC = YES;
				CLANG_WARN_BLOCK_CAPTURE_AUTORELEASING = YES;
				CLANG_WARN_BOOL_CONVERSION = YES;
				CLANG_WARN_COMMA = YES;
				CLANG_WARN_CONSTANT_CONVERSION = YES;
				CLANG_WARN_DIRECT_OBJC_ISA_USAGE = YES_ERROR;
				CLANG_WARN_DOCUMENTATION_COMMENTS = YES;
				CLANG_WARN_EMPTY_BODY = YES;
				CLANG_WARN_ENUM_CONVERSION = YES;
				CLANG_WARN_INFINITE_RECURSION = YES;
				CLANG_WARN_INT_CONVERSION = YES;
				CLANG_WARN_NON_LITERAL_NULL_CONVERSION = YES;
				CLANG_WARN_OBJC_LITERAL_CONVERSION = YES;
				CLANG_WARN_OBJC_ROOT_CLASS = YES_ERROR;
				CLANG_WARN_RANGE_LOOP_ANALYSIS = YES;
				CLANG_WARN_STRICT_PROTOTYPES = YES;
				CLANG_WARN_SUSPICIOUS_MOVE = YES;
				CLANG_WARN_UNGUARDED_AVAILABILITY = YES_AGGRESSIVE;
				CLANG_WARN_UNREACHABLE_CODE = YES;
				CLANG_WARN__DUPLICATE_METHOD_MATCH = YES;
				CODE_SIGN_IDENTITY = "iPhone Developer";
				COPY_PHASE_STRIP = NO;
				DEBUG_INFORMATION_FORMAT = "dwarf-with-dsym";
				ENABLE_NS_ASSERTIONS = NO;
				ENABLE_STRICT_OBJC_MSGSEND = YES;
				GCC_C_LANGUAGE_STANDARD = gnu11;
				GCC_NO_COMMON_BLOCKS = YES;
				GCC_WARN_64_TO_32_BIT_CONVERSION = YES;
				GCC_WARN_ABOUT_RETURN_TYPE = YES_ERROR;
				GCC_WARN_UNDECLARED_SELECTOR = YES;
				GCC_WARN_UNINITIALIZED_AUTOS = YES_AGGRESSIVE;
				GCC_WARN_UNUSED_FUNCTION = YES;
				GCC_WARN_UNUSED_VARIABLE = YES;
				IPHONEOS_DEPLOYMENT_TARGET = 11.0;
				MTL_ENABLE_DEBUG_INFO = NO;
				SDKROOT = iphoneos;
				SWIFT_OPTIMIZATION_LEVEL = "-Owholemodule";
				VALIDATE_PRODUCT = YES;
			};
			name = Release;
		};
		35908D731F2015FF00113808 /* Debug */ = {
			isa = XCBuildConfiguration;
			buildSettings = {
				ASSETCATALOG_COMPILER_APPICON_NAME = AppIcon;
				DEVELOPMENT_TEAM = JLFK698MRZ;
				INFOPLIST_FILE = InteractiveStory/Info.plist;
				LD_RUNPATH_SEARCH_PATHS = "$(inherited) @executable_path/Frameworks";
				PRODUCT_BUNDLE_IDENTIFIER = com.DobsonStudios.InteractiveStory;
				PRODUCT_NAME = "$(TARGET_NAME)";
				SWIFT_VERSION = 4.0;
				TARGETED_DEVICE_FAMILY = "1,2";
			};
			name = Debug;
		};
		35908D741F2015FF00113808 /* Release */ = {
			isa = XCBuildConfiguration;
			buildSettings = {
				ASSETCATALOG_COMPILER_APPICON_NAME = AppIcon;
				DEVELOPMENT_TEAM = JLFK698MRZ;
				INFOPLIST_FILE = InteractiveStory/Info.plist;
				LD_RUNPATH_SEARCH_PATHS = "$(inherited) @executable_path/Frameworks";
				PRODUCT_BUNDLE_IDENTIFIER = com.DobsonStudios.InteractiveStory;
				PRODUCT_NAME = "$(TARGET_NAME)";
				SWIFT_VERSION = 4.0;
				TARGETED_DEVICE_FAMILY = "1,2";
			};
			name = Release;
		};
/* End XCBuildConfiguration section */

/* Begin XCConfigurationList section */
		35908D5B1F2015FF00113808 /* Build configuration list for PBXProject "InteractiveStory" */ = {
			isa = XCConfigurationList;
			buildConfigurations = (
				35908D701F2015FF00113808 /* Debug */,
				35908D711F2015FF00113808 /* Release */,
			);
			defaultConfigurationIsVisible = 0;
			defaultConfigurationName = Release;
		};
		35908D721F2015FF00113808 /* Build configuration list for PBXNativeTarget "InteractiveStory" */ = {
			isa = XCConfigurationList;
			buildConfigurations = (
				35908D731F2015FF00113808 /* Debug */,
				35908D741F2015FF00113808 /* Release */,
			);
			defaultConfigurationIsVisible = 0;
			defaultConfigurationName = Release;
		};
/* End XCConfigurationList section */
	};
	rootObject = 35908D581F2015FF00113808 /* Project object */;
}
